// !$*UTF8*$!
{
	archiveVersion = 1;
	classes = {
	};
	objectVersion = 55;
	objects = {

/* Begin PBXBuildFile section */
		C82A096B28F08ACF009043A9 /* SwitchingViewController.swift in Sources */ = {isa = PBXBuildFile; fileRef = C82A096A28F08ACF009043A9 /* SwitchingViewController.swift */; };
		C82A096D28F0A652009043A9 /* BlueViewController.swift in Sources */ = {isa = PBXBuildFile; fileRef = C82A096C28F0A652009043A9 /* BlueViewController.swift */; };
		C82A096F28F0A65F009043A9 /* YellowViewController.swift in Sources */ = {isa = PBXBuildFile; fileRef = C82A096E28F0A65F009043A9 /* YellowViewController.swift */; };
		C8853E7F28EE462E00AC9174 /* AppDelegate.swift in Sources */ = {isa = PBXBuildFile; fileRef = C8853E7E28EE462E00AC9174 /* AppDelegate.swift */; };
		C8853E8128EE462E00AC9174 /* SceneDelegate.swift in Sources */ = {isa = PBXBuildFile; fileRef = C8853E8028EE462E00AC9174 /* SceneDelegate.swift */; };
		C8853E8628EE462E00AC9174 /* Main.storyboard in Resources */ = {isa = PBXBuildFile; fileRef = C8853E8428EE462E00AC9174 /* Main.storyboard */; };
		C8853E8828EE462F00AC9174 /* Assets.xcassets in Resources */ = {isa = PBXBuildFile; fileRef = C8853E8728EE462F00AC9174 /* Assets.xcassets */; };
		C8853E8B28EE462F00AC9174 /* LaunchScreen.storyboard in Resources */ = {isa = PBXBuildFile; fileRef = C8853E8928EE462F00AC9174 /* LaunchScreen.storyboard */; };
/* End PBXBuildFile section */

/* Begin PBXFileReference section */
		C82A096A28F08ACF009043A9 /* SwitchingViewController.swift */ = {isa = PBXFileReference; lastKnownFileType = sourcecode.swift; path = SwitchingViewController.swift; sourceTree = "<group>"; };
		C82A096C28F0A652009043A9 /* BlueViewController.swift */ = {isa = PBXFileReference; lastKnownFileType = sourcecode.swift; path = BlueViewController.swift; sourceTree = "<group>"; };
		C82A096E28F0A65F009043A9 /* YellowViewController.swift */ = {isa = PBXFileReference; lastKnownFileType = sourcecode.swift; path = YellowViewController.swift; sourceTree = "<group>"; };
		C8853E7B28EE462E00AC9174 /* IOS-LAB-Exercise.app */ = {isa = PBXFileReference; explicitFileType = wrapper.application; includeInIndex = 0; path = "IOS-LAB-Exercise.app"; sourceTree = BUILT_PRODUCTS_DIR; };
		C8853E7E28EE462E00AC9174 /* AppDelegate.swift */ = {isa = PBXFileReference; lastKnownFileType = sourcecode.swift; path = AppDelegate.swift; sourceTree = "<group>"; };
		C8853E8028EE462E00AC9174 /* SceneDelegate.swift */ = {isa = PBXFileReference; lastKnownFileType = sourcecode.swift; path = SceneDelegate.swift; sourceTree = "<group>"; };
		C8853E8528EE462E00AC9174 /* Base */ = {isa = PBXFileReference; lastKnownFileType = file.storyboard; name = Base; path = Base.lproj/Main.storyboard; sourceTree = "<group>"; };
		C8853E8728EE462F00AC9174 /* Assets.xcassets */ = {isa = PBXFileReference; lastKnownFileType = folder.assetcatalog; path = Assets.xcassets; sourceTree = "<group>"; };
		C8853E8A28EE462F00AC9174 /* Base */ = {isa = PBXFileReference; lastKnownFileType = file.storyboard; name = Base; path = Base.lproj/LaunchScreen.storyboard; sourceTree = "<group>"; };
		C8853E8C28EE462F00AC9174 /* Info.plist */ = {isa = PBXFileReference; lastKnownFileType = text.plist.xml; path = Info.plist; sourceTree = "<group>"; };
/* End PBXFileReference section */

/* Begin PBXFrameworksBuildPhase section */
		C8853E7828EE462E00AC9174 /* Frameworks */ = {
			isa = PBXFrameworksBuildPhase;
			buildActionMask = 2147483647;
			files = (
			);
			runOnlyForDeploymentPostprocessing = 0;
		};
/* End PBXFrameworksBuildPhase section */

/* Begin PBXGroup section */
		C8853E7228EE462E00AC9174 = {
			isa = PBXGroup;
			children = (
				C8853E7D28EE462E00AC9174 /* IOS-LAB-Exercise */,
				C8853E7C28EE462E00AC9174 /* Products */,
			);
			sourceTree = "<group>";
		};
		C8853E7C28EE462E00AC9174 /* Products */ = {
			isa = PBXGroup;
			children = (
				C8853E7B28EE462E00AC9174 /* IOS-LAB-Exercise.app */,
			);
			name = Products;
			sourceTree = "<group>";
		};
		C8853E7D28EE462E00AC9174 /* IOS-LAB-Exercise */ = {
			isa = PBXGroup;
			children = (
				C8853E7E28EE462E00AC9174 /* AppDelegate.swift */,
				C8853E8028EE462E00AC9174 /* SceneDelegate.swift */,
				C8853E8428EE462E00AC9174 /* Main.storyboard */,
				C82A096A28F08ACF009043A9 /* SwitchingViewController.swift */,
				C82A096C28F0A652009043A9 /* BlueViewController.swift */,
				C82A096E28F0A65F009043A9 /* YellowViewController.swift */,
				C8853E8728EE462F00AC9174 /* Assets.xcassets */,
				C8853E8928EE462F00AC9174 /* LaunchScreen.storyboard */,
				C8853E8C28EE462F00AC9174 /* Info.plist */,
			);
			path = "IOS-LAB-Exercise";
			sourceTree = "<group>";
		};
/* End PBXGroup section */

/* Begin PBXNativeTarget section */
		C8853E7A28EE462E00AC9174 /* IOS-LAB-Exercise */ = {
			isa = PBXNativeTarget;
			buildConfigurationList = C8853E8F28EE462F00AC9174 /* Build configuration list for PBXNativeTarget "IOS-LAB-Exercise" */;
			buildPhases = (
				C8853E7728EE462E00AC9174 /* Sources */,
				C8853E7828EE462E00AC9174 /* Frameworks */,
				C8853E7928EE462E00AC9174 /* Resources */,
			);
			buildRules = (
			);
			dependencies = (
			);
			name = "IOS-LAB-Exercise";
			productName = "IOS-LAB-Exercise";
			productReference = C8853E7B28EE462E00AC9174 /* IOS-LAB-Exercise.app */;
			productType = "com.apple.product-type.application";
		};
/* End PBXNativeTarget section */

/* Begin PBXProject section */
		C8853E7328EE462E00AC9174 /* Project object */ = {
			isa = PBXProject;
			attributes = {
				BuildIndependentTargetsInParallel = 1;
				LastSwiftUpdateCheck = 1340;
				LastUpgradeCheck = 1340;
				TargetAttributes = {
					C8853E7A28EE462E00AC9174 = {
						CreatedOnToolsVersion = 13.4.1;
					};
				};
			};
			buildConfigurationList = C8853E7628EE462E00AC9174 /* Build configuration list for PBXProject "IOS-LAB-Exercise" */;
			compatibilityVersion = "Xcode 13.0";
			developmentRegion = en;
			hasScannedForEncodings = 0;
			knownRegions = (
				en,
				Base,
			);
			mainGroup = C8853E7228EE462E00AC9174;
			productRefGroup = C8853E7C28EE462E00AC9174 /* Products */;
			projectDirPath = "";
			projectRoot = "";
			targets = (
				C8853E7A28EE462E00AC9174 /* IOS-LAB-Exercise */,
			);
		};
/* End PBXProject section */

/* Begin PBXResourcesBuildPhase section */
		C8853E7928EE462E00AC9174 /* Resources */ = {
			isa = PBXResourcesBuildPhase;
			buildActionMask = 2147483647;
			files = (
				C8853E8B28EE462F00AC9174 /* LaunchScreen.storyboard in Resources */,
				C8853E8828EE462F00AC9174 /* Assets.xcassets in Resources */,
				C8853E8628EE462E00AC9174 /* Main.storyboard in Resources */,
			);
			runOnlyForDeploymentPostprocessing = 0;
		};
/* End PBXResourcesBuildPhase section */

/* Begin PBXSourcesBuildPhase section */
		C8853E7728EE462E00AC9174 /* Sources */ = {
			isa = PBXSourcesBuildPhase;
			buildActionMask = 2147483647;
			files = (
				C8853E7F28EE462E00AC9174 /* AppDelegate.swift in Sources */,
				C8853E8128EE462E00AC9174 /* SceneDelegate.swift in Sources */,
				C82A096D28F0A652009043A9 /* BlueViewController.swift in Sources */,
				C82A096B28F08ACF009043A9 /* SwitchingViewController.swift in Sources */,
				C82A096F28F0A65F009043A9 /* YellowViewController.swift in Sources */,
			);
			runOnlyForDeploymentPostprocessing = 0;
		};
/* End PBXSourcesBuildPhase section */

/* Begin PBXVariantGroup section */
		C8853E8428EE462E00AC9174 /* Main.storyboard */ = {
			isa = PBXVariantGroup;
			children = (
				C8853E8528EE462E00AC9174 /* Base */,
			);
			name = Main.storyboard;
			sourceTree = "<group>";
		};
		C8853E8928EE462F00AC9174 /* LaunchScreen.storyboard */ = {
			isa = PBXVariantGroup;
			children = (
				C8853E8A28EE462F00AC9174 /* Base */,
			);
			name = LaunchScreen.storyboard;
			sourceTree = "<group>";
		};
/* End PBXVariantGroup section */

/* Begin XCBuildConfiguration section */
		C8853E8D28EE462F00AC9174 /* Debug */ = {
			isa = XCBuildConfiguration;
			buildSettings = {
				ALWAYS_SEARCH_USER_PATHS = NO;
				CLANG_ANALYZER_NONNULL = YES;
				CLANG_ANALYZER_NUMBER_OBJECT_CONVERSION = YES_AGGRESSIVE;
				CLANG_CXX_LANGUAGE_STANDARD = "gnu++17";
				CLANG_ENABLE_MODULES = YES;
				CLANG_ENABLE_OBJC_ARC = YES;
				CLANG_ENABLE_OBJC_WEAK = YES;
				CLANG_WARN_BLOCK_CAPTURE_AUTORELEASING = YES;
				CLANG_WARN_BOOL_CONVERSION = YES;
				CLANG_WARN_COMMA = YES;
				CLANG_WARN_CONSTANT_CONVERSION = YES;
				CLANG_WARN_DEPRECATED_OBJC_IMPLEMENTATIONS = YES;
				CLANG_WARN_DIRECT_OBJC_ISA_USAGE = YES_ERROR;
				CLANG_WARN_DOCUMENTATION_COMMENTS = YES;
				CLANG_WARN_EMPTY_BODY = YES;
				CLANG_WARN_ENUM_CONVERSION = YES;
				CLANG_WARN_INFINITE_RECURSION = YES;
				CLANG_WARN_INT_CONVERSION = YES;
				CLANG_WARN_NON_LITERAL_NULL_CONVERSION = YES;
				CLANG_WARN_OBJC_IMPLICIT_RETAIN_SELF = YES;
				CLANG_WARN_OBJC_LITERAL_CONVERSION = YES;
				CLANG_WARN_OBJC_ROOT_CLASS = YES_ERROR;
				CLANG_WARN_QUOTED_INCLUDE_IN_FRAMEWORK_HEADER = YES;
				CLANG_WARN_RANGE_LOOP_ANALYSIS = YES;
				CLANG_WARN_STRICT_PROTOTYPES = YES;
				CLANG_WARN_SUSPICIOUS_MOVE = YES;
				CLANG_WARN_UNGUARDED_AVAILABILITY = YES_AGGRESSIVE;
				CLANG_WARN_UNREACHABLE_CODE = YES;
				CLANG_WARN__DUPLICATE_METHOD_MATCH = YES;
				COPY_PHASE_STRIP = NO;
				DEBUG_INFORMATION_FORMAT = dwarf;
				ENABLE_STRICT_OBJC_MSGSEND = YES;
				ENABLE_TESTABILITY = YES;
				GCC_C_LANGUAGE_STANDARD = gnu11;
				GCC_DYNAMIC_NO_PIC = NO;
				GCC_NO_COMMON_BLOCKS = YES;
				GCC_OPTIMIZATION_LEVEL = 0;
				GCC_PREPROCESSOR_DEFINITIONS = (
					"DEBUG=1",
					"$(inherited)",
				);
				GCC_WARN_64_TO_32_BIT_CONVERSION = YES;
				GCC_WARN_ABOUT_RETURN_TYPE = YES_ERROR;
				GCC_WARN_UNDECLARED_SELECTOR = YES;
				GCC_WARN_UNINITIALIZED_AUTOS = YES_AGGRESSIVE;
				GCC_WARN_UNUSED_FUNCTION = YES;
				GCC_WARN_UNUSED_VARIABLE = YES;
				IPHONEOS_DEPLOYMENT_TARGET = 15.5;
				MTL_ENABLE_DEBUG_INFO = INCLUDE_SOURCE;
				MTL_FAST_MATH = YES;
				ONLY_ACTIVE_ARCH = YES;
				SDKROOT = iphoneos;
				SWIFT_ACTIVE_COMPILATION_CONDITIONS = DEBUG;
				SWIFT_OPTIMIZATION_LEVEL = "-Onone";
			};
			name = Debug;
		};
		C8853E8E28EE462F00AC9174 /* Release */ = {
			isa = XCBuildConfiguration;
			buildSettings = {
				ALWAYS_SEARCH_USER_PATHS = NO;
				CLANG_ANALYZER_NONNULL = YES;
				CLANG_ANALYZER_NUMBER_OBJECT_CONVERSION = YES_AGGRESSIVE;
				CLANG_CXX_LANGUAGE_STANDARD = "gnu++17";
				CLANG_ENABLE_MODULES = YES;
				CLANG_ENABLE_OBJC_ARC = YES;
				CLANG_ENABLE_OBJC_WEAK = YES;
				CLANG_WARN_BLOCK_CAPTURE_AUTORELEASING = YES;
				CLANG_WARN_BOOL_CONVERSION = YES;
				CLANG_WARN_COMMA = YES;
				CLANG_WARN_CONSTANT_CONVERSION = YES;
				CLANG_WARN_DEPRECATED_OBJC_IMPLEMENTATIONS = YES;
				CLANG_WARN_DIRECT_OBJC_ISA_USAGE = YES_ERROR;
				CLANG_WARN_DOCUMENTATION_COMMENTS = YES;
				CLANG_WARN_EMPTY_BODY = YES;
				CLANG_WARN_ENUM_CONVERSION = YES;
				CLANG_WARN_INFINITE_RECURSION = YES;
				CLANG_WARN_INT_CONVERSION = YES;
				CLANG_WARN_NON_LITERAL_NULL_CONVERSION = YES;
				CLANG_WARN_OBJC_IMPLICIT_RETAIN_SELF = YES;
				CLANG_WARN_OBJC_LITERAL_CONVERSION = YES;
				CLANG_WARN_OBJC_ROOT_CLASS = YES_ERROR;
				CLANG_WARN_QUOTED_INCLUDE_IN_FRAMEWORK_HEADER = YES;
				CLANG_WARN_RANGE_LOOP_ANALYSIS = YES;
				CLANG_WARN_STRICT_PROTOTYPES = YES;
				CLANG_WARN_SUSPICIOUS_MOVE = YES;
				CLANG_WARN_UNGUARDED_AVAILABILITY = YES_AGGRESSIVE;
				CLANG_WARN_UNREACHABLE_CODE = YES;
				CLANG_WARN__DUPLICATE_METHOD_MATCH = YES;
				COPY_PHASE_STRIP = NO;
				DEBUG_INFORMATION_FORMAT = "dwarf-with-dsym";
				ENABLE_NS_ASSERTIONS = NO;
				ENABLE_STRICT_OBJC_MSGSEND = YES;
				GCC_C_LANGUAGE_STANDARD = gnu11;
				GCC_NO_COMMON_BLOCKS = YES;
				GCC_WARN_64_TO_32_BIT_CONVERSION = YES;
				GCC_WARN_ABOUT_RETURN_TYPE = YES_ERROR;
				GCC_WARN_UNDECLARED_SELECTOR = YES;
				GCC_WARN_UNINITIALIZED_AUTOS = YES_AGGRESSIVE;
				GCC_WARN_UNUSED_FUNCTION = YES;
				GCC_WARN_UNUSED_VARIABLE = YES;
				IPHONEOS_DEPLOYMENT_TARGET = 15.5;
				MTL_ENABLE_DEBUG_INFO = NO;
				MTL_FAST_MATH = YES;
				SDKROOT = iphoneos;
				SWIFT_COMPILATION_MODE = wholemodule;
				SWIFT_OPTIMIZATION_LEVEL = "-O";
				VALIDATE_PRODUCT = YES;
			};
			name = Release;
		};
		C8853E9028EE462F00AC9174 /* Debug */ = {
			isa = XCBuildConfiguration;
			buildSettings = {
				ASSETCATALOG_COMPILER_APPICON_NAME = AppIcon;
				ASSETCATALOG_COMPILER_GLOBAL_ACCENT_COLOR_NAME = AccentColor;
				CODE_SIGN_STYLE = Automatic;
				CURRENT_PROJECT_VERSION = 1;
				DEVELOPMENT_TEAM = CPHSS582DX;
				GENERATE_INFOPLIST_FILE = YES;
				INFOPLIST_FILE = "IOS-LAB-Exercise/Info.plist";
				INFOPLIST_KEY_UIApplicationSupportsIndirectInputEvents = YES;
				INFOPLIST_KEY_UILaunchStoryboardName = LaunchScreen;
				INFOPLIST_KEY_UIMainStoryboardFile = Main;
				INFOPLIST_KEY_UISupportedInterfaceOrientations_iPad = "UIInterfaceOrientationPortrait UIInterfaceOrientationPortraitUpsideDown UIInterfaceOrientationLandscapeLeft UIInterfaceOrientationLandscapeRight";
				INFOPLIST_KEY_UISupportedInterfaceOrientations_iPhone = "UIInterfaceOrientationPortrait UIInterfaceOrientationLandscapeLeft UIInterfaceOrientationLandscapeRight";
				LD_RUNPATH_SEARCH_PATHS = (
					"$(inherited)",
					"@executable_path/Frameworks",
				);
				MARKETING_VERSION = 1.0;
				PRODUCT_BUNDLE_IDENTIFIER = "ca.centennialcollege.IOS-LAB-Exercise";
				PRODUCT_NAME = "$(TARGET_NAME)";
				SWIFT_EMIT_LOC_STRINGS = YES;
				SWIFT_VERSION = 5.0;
				TARGETED_DEVICE_FAMILY = 1;
			};
			name = Debug;
		};
		C8853E9128EE462F00AC9174 /* Release */ = {
			isa = XCBuildConfiguration;
			buildSettings = {
				ASSETCATALOG_COMPILER_APPICON_NAME = AppIcon;
				ASSETCATALOG_COMPILER_GLOBAL_ACCENT_COLOR_NAME = AccentColor;
				CODE_SIGN_STYLE = Automatic;
				CURRENT_PROJECT_VERSION = 1;
				DEVELOPMENT_TEAM = CPHSS582DX;
				GENERATE_INFOPLIST_FILE = YES;
				INFOPLIST_FILE = "IOS-LAB-Exercise/Info.plist";
				INFOPLIST_KEY_UIApplicationSupportsIndirectInputEvents = YES;
				INFOPLIST_KEY_UILaunchStoryboardName = LaunchScreen;
				INFOPLIST_KEY_UIMainStoryboardFile = Main;
				INFOPLIST_KEY_UISupportedInterfaceOrientations_iPad = "UIInterfaceOrientationPortrait UIInterfaceOrientationPortraitUpsideDown UIInterfaceOrientationLandscapeLeft UIInterfaceOrientationLandscapeRight";
				INFOPLIST_KEY_UISupportedInterfaceOrientations_iPhone = "UIInterfaceOrientationPortrait UIInterfaceOrientationLandscapeLeft UIInterfaceOrientationLandscapeRight";
				LD_RUNPATH_SEARCH_PATHS = (
					"$(inherited)",
					"@executable_path/Frameworks",
				);
				MARKETING_VERSION = 1.0;
				PRODUCT_BUNDLE_IDENTIFIER = "ca.centennialcollege.IOS-LAB-Exercise";
				PRODUCT_NAME = "$(TARGET_NAME)";
				SWIFT_EMIT_LOC_STRINGS = YES;
				SWIFT_VERSION = 5.0;
				TARGETED_DEVICE_FAMILY = 1;
			};
			name = Release;
		};
/* End XCBuildConfiguration section */

/* Begin XCConfigurationList section */
		C8853E7628EE462E00AC9174 /* Build configuration list for PBXProject "IOS-LAB-Exercise" */ = {
			isa = XCConfigurationList;
			buildConfigurations = (
				C8853E8D28EE462F00AC9174 /* Debug */,
				C8853E8E28EE462F00AC9174 /* Release */,
			);
			defaultConfigurationIsVisible = 0;
			defaultConfigurationName = Release;
		};
		C8853E8F28EE462F00AC9174 /* Build configuration list for PBXNativeTarget "IOS-LAB-Exercise" */ = {
			isa = XCConfigurationList;
			buildConfigurations = (
				C8853E9028EE462F00AC9174 /* Debug */,
				C8853E9128EE462F00AC9174 /* Release */,
			);
			defaultConfigurationIsVisible = 0;
			defaultConfigurationName = Release;
		};
/* End XCConfigurationList section */
	};
	rootObject = C8853E7328EE462E00AC9174 /* Project object */;
}
